{
	"name": "@slater/util",
	"version": "1.7.2",
	"lockfileVersion": 1,
	"requires": true,
	"dependencies": {
		"ansi-colors": {
			"version": "3.2.4",
			"resolved": "https://fourthwall.jfrog.io/fourthwall/api/npm/npm/ansi-colors/-/ansi-colors-3.2.4.tgz",
			"integrity": "sha1-46PaS/uubIapwoViXeEkojQCb78="
		},
		"ansi-diff": {
			"version": "1.1.1",
			"resolved": "https://fourthwall.jfrog.io/fourthwall/api/npm/npm/ansi-diff/-/ansi-diff-1.1.1.tgz",
			"integrity": "sha1-Z/7raiS05ap/Jw0z1qG0DpQ7sIA=",
			"requires": {
				"ansi-split": "^1.0.1"
			}
		},
		"ansi-escapes": {
			"version": "3.2.0",
			"resolved": "https://fourthwall.jfrog.io/fourthwall/api/npm/npm/ansi-escapes/-/ansi-escapes-3.2.0.tgz",
			"integrity": "sha1-h4C5j/nb9WOBUtHx/lwde0RCl2s="
		},
		"ansi-regex": {
			"version": "3.0.0",
			"resolved": "https://fourthwall.jfrog.io/fourthwall/api/npm/npm/ansi-regex/-/ansi-regex-3.0.0.tgz",
			"integrity": "sha1-7QMXwyIGT3lGbAKWa922Bas32Zg="
		},
		"ansi-split": {
			"version": "1.0.1",
			"resolved": "https://fourthwall.jfrog.io/fourthwall/api/npm/npm/ansi-split/-/ansi-split-1.0.1.tgz",
			"integrity": "sha1-PKsDdUq28dZNStE80Q8i/DbbSkU=",
			"requires": {
				"ansi-regex": "^3.0.0"
			}
		},
		"arr-diff": {
			"version": "4.0.0",
			"resolved": "https://fourthwall.jfrog.io/fourthwall/api/npm/npm/arr-diff/-/arr-diff-4.0.0.tgz",
			"integrity": "sha1-1kYQdP6/7HHn4VI1dhoyml3HxSA="
		},
		"arr-flatten": {
			"version": "1.1.0",
			"resolved": "https://fourthwall.jfrog.io/fourthwall/api/npm/npm/arr-flatten/-/arr-flatten-1.1.0.tgz",
			"integrity": "sha1-NgSLv/TntH4TZkQxbJlmnqWukfE="
		},
		"arr-union": {
			"version": "3.1.0",
			"resolved": "https://fourthwall.jfrog.io/fourthwall/api/npm/npm/arr-union/-/arr-union-3.1.0.tgz",
			"integrity": "sha1-45sJrqne+Gao8gbiiK9jkZuuOcQ="
		},
		"array-unique": {
			"version": "0.3.2",
			"resolved": "https://fourthwall.jfrog.io/fourthwall/api/npm/npm/array-unique/-/array-unique-0.3.2.tgz",
			"integrity": "sha1-qJS3XUvE9s1nnvMkSp/Y9Gri1Cg="
		},
		"assign-symbols": {
			"version": "1.0.0",
			"resolved": "https://fourthwall.jfrog.io/fourthwall/api/npm/npm/assign-symbols/-/assign-symbols-1.0.0.tgz",
			"integrity": "sha1-WWZ/QfrdTyDMvCu5a41Pf3jsA2c="
		},
		"atob": {
			"version": "2.1.2",
			"resolved": "https://fourthwall.jfrog.io/fourthwall/api/npm/npm/atob/-/atob-2.1.2.tgz",
			"integrity": "sha1-bZUX654DDSQ2ZmZR6GvZ9vE1M8k="
		},
		"base": {
			"version": "0.11.2",
			"resolved": "https://fourthwall.jfrog.io/fourthwall/api/npm/npm/base/-/base-0.11.2.tgz",
			"integrity": "sha1-e95c7RRbbVUakNuH+DxVi060io8=",
			"requires": {
				"cache-base": "^1.0.1",
				"class-utils": "^0.3.5",
				"component-emitter": "^1.2.1",
				"define-property": "^1.0.0",
				"isobject": "^3.0.1",
				"mixin-deep": "^1.2.0",
				"pascalcase": "^0.1.1"
			},
			"dependencies": {
				"define-property": {
					"version": "1.0.0",
					"resolved": "https://fourthwall.jfrog.io/fourthwall/api/npm/npm/define-property/-/define-property-1.0.0.tgz",
					"integrity": "sha1-dp66rz9KY6rTr56NMEybvnm/sOY=",
					"requires": {
						"is-descriptor": "^1.0.0"
					}
				},
				"is-accessor-descriptor": {
					"version": "1.0.0",
					"resolved": "https://fourthwall.jfrog.io/fourthwall/api/npm/npm/is-accessor-descriptor/-/is-accessor-descriptor-1.0.0.tgz",
					"integrity": "sha1-FpwvbT3x+ZJhgHI2XJsOofaHhlY=",
					"requires": {
						"kind-of": "^6.0.0"
					}
				},
				"is-data-descriptor": {
					"version": "1.0.0",
					"resolved": "https://fourthwall.jfrog.io/fourthwall/api/npm/npm/is-data-descriptor/-/is-data-descriptor-1.0.0.tgz",
					"integrity": "sha1-2Eh2Mh0Oet0DmQQGq7u9NrqSaMc=",
					"requires": {
						"kind-of": "^6.0.0"
					}
				},
				"is-descriptor": {
					"version": "1.0.2",
					"resolved": "https://fourthwall.jfrog.io/fourthwall/api/npm/npm/is-descriptor/-/is-descriptor-1.0.2.tgz",
					"integrity": "sha1-OxWXRqZmBLBPjIFSS6NlxfFNhuw=",
					"requires": {
						"is-accessor-descriptor": "^1.0.0",
						"is-data-descriptor": "^1.0.0",
						"kind-of": "^6.0.2"
					}
				},
				"kind-of": {
					"version": "6.0.3",
					"resolved": "https://fourthwall.jfrog.io/fourthwall/api/npm/npm/kind-of/-/kind-of-6.0.3.tgz",
					"integrity": "sha1-B8BQNKbDSfoG4k+jWqdttFgM5N0="
				}
			}
		},
		"braces": {
			"version": "2.3.2",
			"resolved": "https://fourthwall.jfrog.io/fourthwall/api/npm/npm/braces/-/braces-2.3.2.tgz",
			"integrity": "sha1-WXn9PxTNUxVl5fot8av/8d+u5yk=",
			"requires": {
				"arr-flatten": "^1.1.0",
				"array-unique": "^0.3.2",
				"extend-shallow": "^2.0.1",
				"fill-range": "^4.0.0",
				"isobject": "^3.0.1",
				"repeat-element": "^1.1.2",
				"snapdragon": "^0.8.1",
				"snapdragon-node": "^2.0.1",
				"split-string": "^3.0.2",
				"to-regex": "^3.0.1"
			},
			"dependencies": {
				"extend-shallow": {
					"version": "2.0.1",
					"resolved": "https://fourthwall.jfrog.io/fourthwall/api/npm/npm/extend-shallow/-/extend-shallow-2.0.1.tgz",
					"integrity": "sha1-Ua99YUrZqfYQ6huvu5idaxxWiQ8=",
					"requires": {
						"is-extendable": "^0.1.0"
					}
				}
			}
		},
		"cache-base": {
			"version": "1.0.1",
			"resolved": "https://fourthwall.jfrog.io/fourthwall/api/npm/npm/cache-base/-/cache-base-1.0.1.tgz",
			"integrity": "sha1-Cn9GQWgxyLZi7jb+TnxZ129marI=",
			"requires": {
				"collection-visit": "^1.0.0",
				"component-emitter": "^1.2.1",
				"get-value": "^2.0.6",
				"has-value": "^1.0.0",
				"isobject": "^3.0.1",
				"set-value": "^2.0.0",
				"to-object-path": "^0.3.0",
				"union-value": "^1.0.0",
				"unset-value": "^1.0.0"
			}
		},
		"class-utils": {
			"version": "0.3.6",
			"resolved": "https://fourthwall.jfrog.io/fourthwall/api/npm/npm/class-utils/-/class-utils-0.3.6.tgz",
			"integrity": "sha1-+TNprouafOAv1B+q0MqDAzGQxGM=",
			"requires": {
				"arr-union": "^3.1.0",
				"define-property": "^0.2.5",
				"isobject": "^3.0.0",
				"static-extend": "^0.1.1"
			},
			"dependencies": {
				"define-property": {
					"version": "0.2.5",
					"resolved": "https://fourthwall.jfrog.io/fourthwall/api/npm/npm/define-property/-/define-property-0.2.5.tgz",
					"integrity": "sha1-w1se+RjsPJkPmlvFe+BKrOxcgRY=",
					"requires": {
						"is-descriptor": "^0.1.0"
					}
				}
			}
		},
		"cli-cursor": {
			"version": "2.1.0",
			"resolved": "https://fourthwall.jfrog.io/fourthwall/api/npm/npm/cli-cursor/-/cli-cursor-2.1.0.tgz",
			"integrity": "sha1-s12sN2R5+sw+lHR9QdDQ9SOP/LU=",
			"requires": {
				"restore-cursor": "^2.0.0"
			}
		},
		"clone-deep": {
			"version": "0.2.4",
			"resolved": "https://fourthwall.jfrog.io/fourthwall/api/npm/npm/clone-deep/-/clone-deep-0.2.4.tgz",
			"integrity": "sha1-TnPdCen7lxzDhnDF3O2cGJZIHMY=",
			"requires": {
				"for-own": "^0.1.3",
				"is-plain-object": "^2.0.1",
				"kind-of": "^3.0.2",
				"lazy-cache": "^1.0.3",
				"shallow-clone": "^0.1.2"
			}
		},
		"collection-visit": {
			"version": "1.0.0",
			"resolved": "https://fourthwall.jfrog.io/fourthwall/api/npm/npm/collection-visit/-/collection-visit-1.0.0.tgz",
			"integrity": "sha1-S8A3PBZLwykbTTaMgpzxqApZ3KA=",
			"requires": {
				"map-visit": "^1.0.0",
				"object-visit": "^1.0.0"
			}
		},
		"component-emitter": {
			"version": "1.3.0",
			"resolved": "https://fourthwall.jfrog.io/fourthwall/api/npm/npm/component-emitter/-/component-emitter-1.3.0.tgz",
			"integrity": "sha1-FuQHD7qK4ptnnyIVhT7hgasuq8A="
		},
		"copy-descriptor": {
			"version": "0.1.1",
			"resolved": "https://fourthwall.jfrog.io/fourthwall/api/npm/npm/copy-descriptor/-/copy-descriptor-0.1.1.tgz",
			"integrity": "sha1-Z29us8OZl8LuGsOpJP1hJHSPV40="
		},
		"debug": {
			"version": "2.6.9",
			"resolved": "https://fourthwall.jfrog.io/fourthwall/api/npm/npm/debug/-/debug-2.6.9.tgz",
			"integrity": "sha1-XRKFFd8TT/Mn6QpMk/Tgd6U2NB8=",
			"requires": {
				"ms": "2.0.0"
			}
		},
		"decode-uri-component": {
			"version": "0.2.0",
			"resolved": "https://fourthwall.jfrog.io/fourthwall/api/npm/npm/decode-uri-component/-/decode-uri-component-0.2.0.tgz",
			"integrity": "sha1-6zkTMzRYd1y4TNGh+uBiEGu4dUU="
		},
		"define-property": {
			"version": "2.0.2",
			"resolved": "https://fourthwall.jfrog.io/fourthwall/api/npm/npm/define-property/-/define-property-2.0.2.tgz",
			"integrity": "sha1-1Flono1lS6d+AqgX+HENcCyxbp0=",
			"requires": {
				"is-descriptor": "^1.0.2",
				"isobject": "^3.0.1"
			},
			"dependencies": {
				"is-accessor-descriptor": {
					"version": "1.0.0",
					"resolved": "https://fourthwall.jfrog.io/fourthwall/api/npm/npm/is-accessor-descriptor/-/is-accessor-descriptor-1.0.0.tgz",
					"integrity": "sha1-FpwvbT3x+ZJhgHI2XJsOofaHhlY=",
					"requires": {
						"kind-of": "^6.0.0"
					}
				},
				"is-data-descriptor": {
					"version": "1.0.0",
					"resolved": "https://fourthwall.jfrog.io/fourthwall/api/npm/npm/is-data-descriptor/-/is-data-descriptor-1.0.0.tgz",
					"integrity": "sha1-2Eh2Mh0Oet0DmQQGq7u9NrqSaMc=",
					"requires": {
						"kind-of": "^6.0.0"
					}
				},
				"is-descriptor": {
					"version": "1.0.2",
					"resolved": "https://fourthwall.jfrog.io/fourthwall/api/npm/npm/is-descriptor/-/is-descriptor-1.0.2.tgz",
					"integrity": "sha1-OxWXRqZmBLBPjIFSS6NlxfFNhuw=",
					"requires": {
						"is-accessor-descriptor": "^1.0.0",
						"is-data-descriptor": "^1.0.0",
						"kind-of": "^6.0.2"
					}
				},
				"kind-of": {
					"version": "6.0.3",
					"resolved": "https://fourthwall.jfrog.io/fourthwall/api/npm/npm/kind-of/-/kind-of-6.0.3.tgz",
					"integrity": "sha1-B8BQNKbDSfoG4k+jWqdttFgM5N0="
				}
			}
		},
		"diffy": {
			"version": "2.1.0",
			"resolved": "https://fourthwall.jfrog.io/fourthwall/api/npm/npm/diffy/-/diffy-2.1.0.tgz",
			"integrity": "sha1-vWAUDG/i5nq2W11rCb8mVdtbQbU=",
			"requires": {
				"ansi-diff": "^1.0.10",
				"neat-input": "^1.9.0"
			}
		},
		"exit": {
			"version": "0.1.2",
			"resolved": "https://fourthwall.jfrog.io/fourthwall/api/npm/npm/exit/-/exit-0.1.2.tgz",
			"integrity": "sha1-BjJjj42HfMghB9MKD/8aF8uhzQw="
		},
		"exit-hook": {
			"version": "2.2.1",
			"resolved": "https://fourthwall.jfrog.io/fourthwall/api/npm/npm/exit-hook/-/exit-hook-2.2.1.tgz",
			"integrity": "sha1-AHstksZCjtorducBajQ1FYaTRZM="
		},
		"expand-brackets": {
			"version": "2.1.4",
			"resolved": "https://fourthwall.jfrog.io/fourthwall/api/npm/npm/expand-brackets/-/expand-brackets-2.1.4.tgz",
			"integrity": "sha1-t3c14xXOMPa27/D4OwQVGiJEliI=",
			"requires": {
				"debug": "^2.3.3",
				"define-property": "^0.2.5",
				"extend-shallow": "^2.0.1",
				"posix-character-classes": "^0.1.0",
				"regex-not": "^1.0.0",
				"snapdragon": "^0.8.1",
				"to-regex": "^3.0.1"
			},
			"dependencies": {
				"define-property": {
					"version": "0.2.5",
					"resolved": "https://fourthwall.jfrog.io/fourthwall/api/npm/npm/define-property/-/define-property-0.2.5.tgz",
					"integrity": "sha1-w1se+RjsPJkPmlvFe+BKrOxcgRY=",
					"requires": {
						"is-descriptor": "^0.1.0"
					}
				},
				"extend-shallow": {
					"version": "2.0.1",
					"resolved": "https://fourthwall.jfrog.io/fourthwall/api/npm/npm/extend-shallow/-/extend-shallow-2.0.1.tgz",
					"integrity": "sha1-Ua99YUrZqfYQ6huvu5idaxxWiQ8=",
					"requires": {
						"is-extendable": "^0.1.0"
					}
				}
			}
		},
		"extend-shallow": {
			"version": "3.0.2",
			"resolved": "https://fourthwall.jfrog.io/fourthwall/api/npm/npm/extend-shallow/-/extend-shallow-3.0.2.tgz",
			"integrity": "sha1-Jqcarwc7OfshJxcnRhMcJwQCjbg=",
			"requires": {
				"assign-symbols": "^1.0.0",
				"is-extendable": "^1.0.1"
			},
			"dependencies": {
				"is-extendable": {
					"version": "1.0.1",
					"resolved": "https://fourthwall.jfrog.io/fourthwall/api/npm/npm/is-extendable/-/is-extendable-1.0.1.tgz",
					"integrity": "sha1-p0cPnkJnM9gb2B4RVSZOOjUHyrQ=",
					"requires": {
						"is-plain-object": "^2.0.4"
					}
				}
			}
		},
		"extglob": {
			"version": "2.0.4",
			"resolved": "https://fourthwall.jfrog.io/fourthwall/api/npm/npm/extglob/-/extglob-2.0.4.tgz",
			"integrity": "sha1-rQD+TcYSqSMuhxhxHcXLWrAoVUM=",
			"requires": {
				"array-unique": "^0.3.2",
				"define-property": "^1.0.0",
				"expand-brackets": "^2.1.4",
				"extend-shallow": "^2.0.1",
				"fragment-cache": "^0.2.1",
				"regex-not": "^1.0.0",
				"snapdragon": "^0.8.1",
				"to-regex": "^3.0.1"
			},
			"dependencies": {
				"define-property": {
					"version": "1.0.0",
					"resolved": "https://fourthwall.jfrog.io/fourthwall/api/npm/npm/define-property/-/define-property-1.0.0.tgz",
					"integrity": "sha1-dp66rz9KY6rTr56NMEybvnm/sOY=",
					"requires": {
						"is-descriptor": "^1.0.0"
					}
				},
				"extend-shallow": {
					"version": "2.0.1",
					"resolved": "https://fourthwall.jfrog.io/fourthwall/api/npm/npm/extend-shallow/-/extend-shallow-2.0.1.tgz",
					"integrity": "sha1-Ua99YUrZqfYQ6huvu5idaxxWiQ8=",
					"requires": {
						"is-extendable": "^0.1.0"
					}
				},
				"is-accessor-descriptor": {
					"version": "1.0.0",
					"resolved": "https://fourthwall.jfrog.io/fourthwall/api/npm/npm/is-accessor-descriptor/-/is-accessor-descriptor-1.0.0.tgz",
					"integrity": "sha1-FpwvbT3x+ZJhgHI2XJsOofaHhlY=",
					"requires": {
						"kind-of": "^6.0.0"
					}
				},
				"is-data-descriptor": {
					"version": "1.0.0",
					"resolved": "https://fourthwall.jfrog.io/fourthwall/api/npm/npm/is-data-descriptor/-/is-data-descriptor-1.0.0.tgz",
					"integrity": "sha1-2Eh2Mh0Oet0DmQQGq7u9NrqSaMc=",
					"requires": {
						"kind-of": "^6.0.0"
					}
				},
				"is-descriptor": {
					"version": "1.0.2",
					"resolved": "https://fourthwall.jfrog.io/fourthwall/api/npm/npm/is-descriptor/-/is-descriptor-1.0.2.tgz",
					"integrity": "sha1-OxWXRqZmBLBPjIFSS6NlxfFNhuw=",
					"requires": {
						"is-accessor-descriptor": "^1.0.0",
						"is-data-descriptor": "^1.0.0",
						"kind-of": "^6.0.2"
					}
				},
				"kind-of": {
					"version": "6.0.3",
					"resolved": "https://fourthwall.jfrog.io/fourthwall/api/npm/npm/kind-of/-/kind-of-6.0.3.tgz",
					"integrity": "sha1-B8BQNKbDSfoG4k+jWqdttFgM5N0="
				}
			}
		},
		"fill-range": {
			"version": "4.0.0",
			"resolved": "https://fourthwall.jfrog.io/fourthwall/api/npm/npm/fill-range/-/fill-range-4.0.0.tgz",
			"integrity": "sha1-1USBHUKPmOsGpj3EAtJAPDKMOPc=",
			"requires": {
				"extend-shallow": "^2.0.1",
				"is-number": "^3.0.0",
				"repeat-string": "^1.6.1",
				"to-regex-range": "^2.1.0"
			},
			"dependencies": {
				"extend-shallow": {
					"version": "2.0.1",
					"resolved": "https://fourthwall.jfrog.io/fourthwall/api/npm/npm/extend-shallow/-/extend-shallow-2.0.1.tgz",
					"integrity": "sha1-Ua99YUrZqfYQ6huvu5idaxxWiQ8=",
					"requires": {
						"is-extendable": "^0.1.0"
					}
				}
			}
		},
		"for-in": {
			"version": "1.0.2",
			"resolved": "https://fourthwall.jfrog.io/fourthwall/api/npm/npm/for-in/-/for-in-1.0.2.tgz",
			"integrity": "sha1-gQaNKVqBQuwKxybG4iAMMPttXoA="
		},
		"for-own": {
			"version": "0.1.5",
			"resolved": "https://fourthwall.jfrog.io/fourthwall/api/npm/npm/for-own/-/for-own-0.1.5.tgz",
			"integrity": "sha1-UmXGgaTylNq78XyVCbZ2OqhFEM4=",
			"requires": {
				"for-in": "^1.0.1"
			}
		},
		"fragment-cache": {
			"version": "0.2.1",
			"resolved": "https://fourthwall.jfrog.io/fourthwall/api/npm/npm/fragment-cache/-/fragment-cache-0.2.1.tgz",
			"integrity": "sha1-QpD60n8T6Jvn8zeZxrxaCr//DRk=",
			"requires": {
				"map-cache": "^0.2.2"
			}
		},
		"fs-extra": {
			"version": "7.0.1",
			"resolved": "https://fourthwall.jfrog.io/fourthwall/api/npm/npm/fs-extra/-/fs-extra-7.0.1.tgz",
			"integrity": "sha1-TxicRKoSO4lfcigE9V6iPq3DSOk=",
			"requires": {
				"graceful-fs": "^4.1.2",
				"jsonfile": "^4.0.0",
				"universalify": "^0.1.0"
			}
		},
		"get-value": {
			"version": "2.0.6",
			"resolved": "https://fourthwall.jfrog.io/fourthwall/api/npm/npm/get-value/-/get-value-2.0.6.tgz",
			"integrity": "sha1-3BXKHGcjh8p2vTesCjlbogQqLCg="
		},
		"graceful-fs": {
			"version": "4.2.6",
			"resolved": "https://fourthwall.jfrog.io/fourthwall/api/npm/npm/graceful-fs/-/graceful-fs-4.2.6.tgz",
			"integrity": "sha1-/wQLKwhTsjw9MQJ1I3BvGIXXa+4="
		},
		"has-value": {
			"version": "1.0.0",
			"resolved": "https://fourthwall.jfrog.io/fourthwall/api/npm/npm/has-value/-/has-value-1.0.0.tgz",
			"integrity": "sha1-GLKB2lhbHFxR3vJMkw7SmgvmsXc=",
			"requires": {
				"get-value": "^2.0.6",
				"has-values": "^1.0.0",
				"isobject": "^3.0.0"
			}
		},
		"has-values": {
			"version": "1.0.0",
			"resolved": "https://fourthwall.jfrog.io/fourthwall/api/npm/npm/has-values/-/has-values-1.0.0.tgz",
			"integrity": "sha1-lbC2P+whRmGab+V/51Yo1aOe/k8=",
			"requires": {
				"is-number": "^3.0.0",
				"kind-of": "^4.0.0"
			},
			"dependencies": {
				"kind-of": {
					"version": "4.0.0",
					"resolved": "https://fourthwall.jfrog.io/fourthwall/api/npm/npm/kind-of/-/kind-of-4.0.0.tgz",
					"integrity": "sha1-IIE989cSkosgc3hpGkUGb65y3Vc=",
					"requires": {
						"is-buffer": "^1.1.5"
					}
				}
			}
		},
		"is-accessor-descriptor": {
			"version": "0.1.6",
			"resolved": "https://fourthwall.jfrog.io/fourthwall/api/npm/npm/is-accessor-descriptor/-/is-accessor-descriptor-0.1.6.tgz",
			"integrity": "sha1-qeEss66Nh2cn7u84Q/igiXtcmNY=",
			"requires": {
				"kind-of": "^3.0.2"
			}
		},
		"is-buffer": {
			"version": "1.1.6",
			"resolved": "https://fourthwall.jfrog.io/fourthwall/api/npm/npm/is-buffer/-/is-buffer-1.1.6.tgz",
			"integrity": "sha1-76ouqdqg16suoTqXsritUf776L4="
		},
		"is-data-descriptor": {
			"version": "0.1.4",
			"resolved": "https://fourthwall.jfrog.io/fourthwall/api/npm/npm/is-data-descriptor/-/is-data-descriptor-0.1.4.tgz",
			"integrity": "sha1-C17mSDiOLIYCgueT8YVv7D8wG1Y=",
			"requires": {
				"kind-of": "^3.0.2"
			}
		},
		"is-descriptor": {
			"version": "0.1.6",
			"resolved": "https://fourthwall.jfrog.io/fourthwall/api/npm/npm/is-descriptor/-/is-descriptor-0.1.6.tgz",
			"integrity": "sha1-Nm2CQN3kh8pRgjsaufB6EKeCUco=",
			"requires": {
				"is-accessor-descriptor": "^0.1.6",
				"is-data-descriptor": "^0.1.4",
				"kind-of": "^5.0.0"
			},
			"dependencies": {
				"kind-of": {
					"version": "5.1.0",
					"resolved": "https://fourthwall.jfrog.io/fourthwall/api/npm/npm/kind-of/-/kind-of-5.1.0.tgz",
					"integrity": "sha1-cpyR4thXt6QZofmqZWhcTDP1hF0="
				}
			}
		},
		"is-extendable": {
			"version": "0.1.1",
			"resolved": "https://fourthwall.jfrog.io/fourthwall/api/npm/npm/is-extendable/-/is-extendable-0.1.1.tgz",
			"integrity": "sha1-YrEQ4omkcUGOPsNqYX1HLjAd/Ik="
		},
		"is-fullwidth-code-point": {
			"version": "2.0.0",
			"resolved": "https://fourthwall.jfrog.io/fourthwall/api/npm/npm/is-fullwidth-code-point/-/is-fullwidth-code-point-2.0.0.tgz",
			"integrity": "sha1-o7MKXE8ZkYMWeqq5O+764937ZU8="
		},
		"is-number": {
			"version": "3.0.0",
			"resolved": "https://fourthwall.jfrog.io/fourthwall/api/npm/npm/is-number/-/is-number-3.0.0.tgz",
			"integrity": "sha1-JP1iAaR4LPUFYcgQJ2r8fRLXEZU=",
			"requires": {
				"kind-of": "^3.0.2"
			}
		},
		"is-plain-object": {
			"version": "2.0.4",
			"resolved": "https://fourthwall.jfrog.io/fourthwall/api/npm/npm/is-plain-object/-/is-plain-object-2.0.4.tgz",
			"integrity": "sha1-LBY7P6+xtgbZ0Xko8FwqHDjgdnc=",
			"requires": {
				"isobject": "^3.0.1"
			}
		},
		"is-windows": {
			"version": "1.0.2",
			"resolved": "https://fourthwall.jfrog.io/fourthwall/api/npm/npm/is-windows/-/is-windows-1.0.2.tgz",
			"integrity": "sha1-0YUOuXkezRjmGCzhKjDzlmNLsZ0="
		},
		"isarray": {
			"version": "1.0.0",
			"resolved": "https://fourthwall.jfrog.io/fourthwall/api/npm/npm/isarray/-/isarray-1.0.0.tgz",
			"integrity": "sha1-u5NdSFgsuhaMBoNJV6VKPgcSTxE="
		},
		"isobject": {
			"version": "3.0.1",
			"resolved": "https://fourthwall.jfrog.io/fourthwall/api/npm/npm/isobject/-/isobject-3.0.1.tgz",
			"integrity": "sha1-TkMekrEalzFjaqH5yNHMvP2reN8="
		},
		"jsonfile": {
			"version": "4.0.0",
			"resolved": "https://fourthwall.jfrog.io/fourthwall/api/npm/npm/jsonfile/-/jsonfile-4.0.0.tgz",
			"integrity": "sha1-h3Gq4HmbZAdrdmQPygWPnBDjPss=",
			"requires": {
				"graceful-fs": "^4.1.6"
			}
		},
		"keypress": {
			"version": "0.2.1",
			"resolved": "https://fourthwall.jfrog.io/fourthwall/api/npm/npm/keypress/-/keypress-0.2.1.tgz",
			"integrity": "sha1-HoBFQlABjbrUw/6USX1uZ7YmnHc="
		},
		"kind-of": {
			"version": "3.2.2",
			"resolved": "https://fourthwall.jfrog.io/fourthwall/api/npm/npm/kind-of/-/kind-of-3.2.2.tgz",
			"integrity": "sha1-MeohpzS6ubuw8yRm2JOupR5KPGQ=",
			"requires": {
				"is-buffer": "^1.1.5"
			}
		},
		"lazy-cache": {
			"version": "1.0.4",
			"resolved": "https://fourthwall.jfrog.io/fourthwall/api/npm/npm/lazy-cache/-/lazy-cache-1.0.4.tgz",
			"integrity": "sha1-odePw6UEdMuAhF07O24dpJpEbo4="
		},
		"lodash.throttle": {
			"version": "4.1.1",
			"resolved": "https://fourthwall.jfrog.io/fourthwall/api/npm/npm/lodash.throttle/-/lodash.throttle-4.1.1.tgz",
			"integrity": "sha1-wj6RtxAkKscMN/HhzaknTMOb8vQ="
		},
		"log-update": {
			"version": "2.3.0",
			"resolved": "https://fourthwall.jfrog.io/fourthwall/api/npm/npm/log-update/-/log-update-2.3.0.tgz",
			"integrity": "sha1-iDKP19HOeTiykoN0bwsbwSayRwg=",
			"requires": {
				"ansi-escapes": "^3.0.0",
				"cli-cursor": "^2.0.0",
				"wrap-ansi": "^3.0.1"
			}
		},
		"map-cache": {
			"version": "0.2.2",
			"resolved": "https://fourthwall.jfrog.io/fourthwall/api/npm/npm/map-cache/-/map-cache-0.2.2.tgz",
			"integrity": "sha1-wyq9C9ZSXZsFFkW7TyasXcmKDb8="
		},
		"map-visit": {
			"version": "1.0.0",
			"resolved": "https://fourthwall.jfrog.io/fourthwall/api/npm/npm/map-visit/-/map-visit-1.0.0.tgz",
			"integrity": "sha1-7Nyo8TFE5mDxtb1B8S80edmN+48=",
			"requires": {
				"object-visit": "^1.0.0"
			}
		},
		"merge-deep": {
			"version": "3.0.3",
			"resolved": "https://fourthwall.jfrog.io/fourthwall/api/npm/npm/merge-deep/-/merge-deep-3.0.3.tgz",
			"integrity": "sha1-Gisq6SbaiyrpOgrBXZDNGSJ2YAM=",
			"requires": {
				"arr-union": "^3.1.0",
				"clone-deep": "^0.2.4",
				"kind-of": "^3.0.2"
			}
		},
		"micromatch": {
			"version": "3.1.10",
			"resolved": "https://fourthwall.jfrog.io/fourthwall/api/npm/npm/micromatch/-/micromatch-3.1.10.tgz",
			"integrity": "sha1-cIWbyVyYQJUvNZoGij/En57PrCM=",
			"requires": {
				"arr-diff": "^4.0.0",
				"array-unique": "^0.3.2",
				"braces": "^2.3.1",
				"define-property": "^2.0.2",
				"extend-shallow": "^3.0.2",
				"extglob": "^2.0.4",
				"fragment-cache": "^0.2.1",
				"kind-of": "^6.0.2",
				"nanomatch": "^1.2.9",
				"object.pick": "^1.3.0",
				"regex-not": "^1.0.0",
				"snapdragon": "^0.8.1",
				"to-regex": "^3.0.2"
			},
			"dependencies": {
				"kind-of": {
					"version": "6.0.3",
					"resolved": "https://fourthwall.jfrog.io/fourthwall/api/npm/npm/kind-of/-/kind-of-6.0.3.tgz",
					"integrity": "sha1-B8BQNKbDSfoG4k+jWqdttFgM5N0="
				}
			}
		},
		"mimic-fn": {
			"version": "1.2.0",
			"resolved": "https://fourthwall.jfrog.io/fourthwall/api/npm/npm/mimic-fn/-/mimic-fn-1.2.0.tgz",
			"integrity": "sha1-ggyGo5M0ZA6ZUWkovQP8qIBX0CI="
		},
		"mixin-deep": {
			"version": "1.3.2",
			"resolved": "https://fourthwall.jfrog.io/fourthwall/api/npm/npm/mixin-deep/-/mixin-deep-1.3.2.tgz",
			"integrity": "sha1-ESC0PcNZp4Xc5ltVuC4lfM9HlWY=",
			"requires": {
				"for-in": "^1.0.2",
				"is-extendable": "^1.0.1"
			},
			"dependencies": {
				"is-extendable": {
					"version": "1.0.1",
					"resolved": "https://fourthwall.jfrog.io/fourthwall/api/npm/npm/is-extendable/-/is-extendable-1.0.1.tgz",
					"integrity": "sha1-p0cPnkJnM9gb2B4RVSZOOjUHyrQ=",
					"requires": {
						"is-plain-object": "^2.0.4"
					}
				}
			}
		},
		"mixin-object": {
			"version": "2.0.1",
			"resolved": "https://fourthwall.jfrog.io/fourthwall/api/npm/npm/mixin-object/-/mixin-object-2.0.1.tgz",
			"integrity": "sha1-T7lJRB2rGCVA8f4DW6YOGUel5X4=",
			"requires": {
				"for-in": "^0.1.3",
				"is-extendable": "^0.1.1"
			},
			"dependencies": {
				"for-in": {
					"version": "0.1.8",
					"resolved": "https://fourthwall.jfrog.io/fourthwall/api/npm/npm/for-in/-/for-in-0.1.8.tgz",
					"integrity": "sha1-2Hc5COMSVhCZUrH9ubP6hn0ndeE="
				}
			}
		},
		"ms": {
			"version": "2.0.0",
			"resolved": "https://fourthwall.jfrog.io/fourthwall/api/npm/npm/ms/-/ms-2.0.0.tgz",
			"integrity": "sha1-VgiurfwAvmwpAd9fmGF4jeDVl8g="
		},
		"nanoassert": {
			"version": "1.1.0",
			"resolved": "https://fourthwall.jfrog.io/fourthwall/api/npm/npm/nanoassert/-/nanoassert-1.1.0.tgz",
			"integrity": "sha1-TzFS4JVA/eKMdvRLGbvNHVpCR40="
		},
		"nanobus": {
			"version": "4.5.0",
			"resolved": "https://fourthwall.jfrog.io/fourthwall/api/npm/npm/nanobus/-/nanobus-4.5.0.tgz",
			"integrity": "sha1-ems/81jtCgdTdGl6eiwY4PWkOdI=",
			"requires": {
				"nanoassert": "^1.1.0",
				"nanotiming": "^7.2.0",
				"remove-array-items": "^1.0.0"
			}
		},
		"nanomatch": {
			"version": "1.2.13",
			"resolved": "https://fourthwall.jfrog.io/fourthwall/api/npm/npm/nanomatch/-/nanomatch-1.2.13.tgz",
			"integrity": "sha1-uHqKpPwN6P5r6IiVs4mD/yZb0Rk=",
			"requires": {
				"arr-diff": "^4.0.0",
				"array-unique": "^0.3.2",
				"define-property": "^2.0.2",
				"extend-shallow": "^3.0.2",
				"fragment-cache": "^0.2.1",
				"is-windows": "^1.0.2",
				"kind-of": "^6.0.2",
				"object.pick": "^1.3.0",
				"regex-not": "^1.0.0",
				"snapdragon": "^0.8.1",
				"to-regex": "^3.0.1"
			},
			"dependencies": {
				"kind-of": {
					"version": "6.0.3",
					"resolved": "https://fourthwall.jfrog.io/fourthwall/api/npm/npm/kind-of/-/kind-of-6.0.3.tgz",
					"integrity": "sha1-B8BQNKbDSfoG4k+jWqdttFgM5N0="
				}
			}
		},
		"nanoscheduler": {
			"version": "1.0.3",
			"resolved": "https://fourthwall.jfrog.io/fourthwall/api/npm/npm/nanoscheduler/-/nanoscheduler-1.0.3.tgz",
			"integrity": "sha1-bKAnlBvz4EE56kurYifqatgDaS8=",
			"requires": {
				"nanoassert": "^1.1.0"
			}
		},
		"nanotiming": {
			"version": "7.3.1",
			"resolved": "https://fourthwall.jfrog.io/fourthwall/api/npm/npm/nanotiming/-/nanotiming-7.3.1.tgz",
			"integrity": "sha1-3Fz42ditQBpDlNGpt6FnFLzP79o=",
			"requires": {
				"nanoassert": "^1.1.0",
				"nanoscheduler": "^1.0.2"
			}
		},
		"neat-input": {
			"version": "1.11.1",
			"resolved": "https://fourthwall.jfrog.io/fourthwall/api/npm/npm/neat-input/-/neat-input-1.11.1.tgz",
			"integrity": "sha1-s5uzkGgQ9tjZ5rxIH5+wTChj3Dw=",
			"requires": {
				"keypress": "^0.2.1"
			}
		},
		"neat-log": {
			"version": "3.1.0",
			"resolved": "https://fourthwall.jfrog.io/fourthwall/api/npm/npm/neat-log/-/neat-log-3.1.0.tgz",
			"integrity": "sha1-QdYq5Td13BAPJMBkmV/qnGNa+q8=",
			"requires": {
				"diffy": "^2.0.0",
				"lodash.throttle": "^4.1.1",
				"nanobus": "^4.3.3"
			}
		},
		"object-copy": {
			"version": "0.1.0",
			"resolved": "https://fourthwall.jfrog.io/fourthwall/api/npm/npm/object-copy/-/object-copy-0.1.0.tgz",
			"integrity": "sha1-fn2Fi3gb18mRpBupde04EnVOmYw=",
			"requires": {
				"copy-descriptor": "^0.1.0",
				"define-property": "^0.2.5",
				"kind-of": "^3.0.3"
			},
			"dependencies": {
				"define-property": {
					"version": "0.2.5",
					"resolved": "https://fourthwall.jfrog.io/fourthwall/api/npm/npm/define-property/-/define-property-0.2.5.tgz",
					"integrity": "sha1-w1se+RjsPJkPmlvFe+BKrOxcgRY=",
					"requires": {
						"is-descriptor": "^0.1.0"
					}
				}
			}
		},
		"object-visit": {
			"version": "1.0.1",
			"resolved": "https://fourthwall.jfrog.io/fourthwall/api/npm/npm/object-visit/-/object-visit-1.0.1.tgz",
			"integrity": "sha1-95xEk68MU3e1n+OdOV5BBC3QRbs=",
			"requires": {
				"isobject": "^3.0.0"
			}
		},
		"object.pick": {
			"version": "1.3.0",
			"resolved": "https://fourthwall.jfrog.io/fourthwall/api/npm/npm/object.pick/-/object.pick-1.3.0.tgz",
			"integrity": "sha1-h6EKxMFpS9Lhy/U1kaZhQftd10c=",
			"requires": {
				"isobject": "^3.0.1"
			}
		},
		"onetime": {
			"version": "2.0.1",
			"resolved": "https://fourthwall.jfrog.io/fourthwall/api/npm/npm/onetime/-/onetime-2.0.1.tgz",
			"integrity": "sha1-BnQoIw/WdEOyeUsiu6UotoZ5YtQ=",
			"requires": {
				"mimic-fn": "^1.0.0"
			}
		},
		"pascalcase": {
			"version": "0.1.1",
			"resolved": "https://fourthwall.jfrog.io/fourthwall/api/npm/npm/pascalcase/-/pascalcase-0.1.1.tgz",
			"integrity": "sha1-s2PlXoAGym/iF4TS2yK9FdeRfxQ="
		},
		"posix-character-classes": {
			"version": "0.1.1",
			"resolved": "https://fourthwall.jfrog.io/fourthwall/api/npm/npm/posix-character-classes/-/posix-character-classes-0.1.1.tgz",
			"integrity": "sha1-AerA/jta9xoqbAL+q7jB/vfgDqs="
		},
		"regex-not": {
			"version": "1.0.2",
			"resolved": "https://fourthwall.jfrog.io/fourthwall/api/npm/npm/regex-not/-/regex-not-1.0.2.tgz",
			"integrity": "sha1-H07OJ+ALC2XgJHpoEOaoXYOldSw=",
			"requires": {
				"extend-shallow": "^3.0.2",
				"safe-regex": "^1.1.0"
			}
		},
		"remove-array-items": {
			"version": "1.1.1",
			"resolved": "https://fourthwall.jfrog.io/fourthwall/api/npm/npm/remove-array-items/-/remove-array-items-1.1.1.tgz",
			"integrity": "sha1-/XRf9z0IIuVh6pEL8bQB/HhD5pM="
		},
		"repeat-element": {
			"version": "1.1.3",
			"resolved": "https://fourthwall.jfrog.io/fourthwall/api/npm/npm/repeat-element/-/repeat-element-1.1.3.tgz",
			"integrity": "sha1-eC4NglwMWjuzlzH4Tv7mt0Lmsc4="
		},
		"repeat-string": {
			"version": "1.6.1",
			"resolved": "https://fourthwall.jfrog.io/fourthwall/api/npm/npm/repeat-string/-/repeat-string-1.6.1.tgz",
			"integrity": "sha1-jcrkcOHIirwtYA//Sndihtp15jc="
		},
		"resolve-url": {
			"version": "0.2.1",
			"resolved": "https://fourthwall.jfrog.io/fourthwall/api/npm/npm/resolve-url/-/resolve-url-0.2.1.tgz",
			"integrity": "sha1-LGN/53yJOv0qZj/iGqkIAGjiBSo="
		},
		"restore-cursor": {
			"version": "2.0.0",
			"resolved": "https://fourthwall.jfrog.io/fourthwall/api/npm/npm/restore-cursor/-/restore-cursor-2.0.0.tgz",
			"integrity": "sha1-n37ih/gv0ybU/RYpI9YhKe7g368=",
			"requires": {
				"onetime": "^2.0.0",
				"signal-exit": "^3.0.2"
			}
		},
		"ret": {
			"version": "0.1.15",
			"resolved": "https://fourthwall.jfrog.io/fourthwall/api/npm/npm/ret/-/ret-0.1.15.tgz",
			"integrity": "sha1-uKSCXVvbH8P29Twrwz+BOIaBx7w="
		},
		"safe-regex": {
			"version": "1.1.0",
			"resolved": "https://fourthwall.jfrog.io/fourthwall/api/npm/npm/safe-regex/-/safe-regex-1.1.0.tgz",
			"integrity": "sha1-QKNmnzsHfR6UPURinhV91IAjvy4=",
			"requires": {
				"ret": "~0.1.10"
			}
		},
		"set-value": {
			"version": "2.0.1",
			"resolved": "https://fourthwall.jfrog.io/fourthwall/api/npm/npm/set-value/-/set-value-2.0.1.tgz",
			"integrity": "sha1-oY1AUw5vB95CKMfe/kInr4ytAFs=",
			"requires": {
				"extend-shallow": "^2.0.1",
				"is-extendable": "^0.1.1",
				"is-plain-object": "^2.0.3",
				"split-string": "^3.0.1"
			},
			"dependencies": {
				"extend-shallow": {
					"version": "2.0.1",
					"resolved": "https://fourthwall.jfrog.io/fourthwall/api/npm/npm/extend-shallow/-/extend-shallow-2.0.1.tgz",
					"integrity": "sha1-Ua99YUrZqfYQ6huvu5idaxxWiQ8=",
					"requires": {
						"is-extendable": "^0.1.0"
					}
				}
			}
		},
		"shallow-clone": {
			"version": "0.1.2",
			"resolved": "https://fourthwall.jfrog.io/fourthwall/api/npm/npm/shallow-clone/-/shallow-clone-0.1.2.tgz",
			"integrity": "sha1-WQnodLp3EG1zrEFM/sH/yofZcGA=",
			"requires": {
				"is-extendable": "^0.1.1",
				"kind-of": "^2.0.1",
				"lazy-cache": "^0.2.3",
				"mixin-object": "^2.0.1"
			},
			"dependencies": {
				"kind-of": {
					"version": "2.0.1",
					"resolved": "https://fourthwall.jfrog.io/fourthwall/api/npm/npm/kind-of/-/kind-of-2.0.1.tgz",
					"integrity": "sha1-AY7HpM5+OobLkUG+UZ0kyPqpgbU=",
					"requires": {
						"is-buffer": "^1.0.2"
					}
				},
				"lazy-cache": {
					"version": "0.2.7",
					"resolved": "https://fourthwall.jfrog.io/fourthwall/api/npm/npm/lazy-cache/-/lazy-cache-0.2.7.tgz",
					"integrity": "sha1-f+3fLctu23fRHvHRF6tf/fCrG2U="
				}
			}
		},
		"signal-exit": {
			"version": "3.0.3",
			"resolved": "https://fourthwall.jfrog.io/fourthwall/api/npm/npm/signal-exit/-/signal-exit-3.0.3.tgz",
			"integrity": "sha1-oUEMLt2PB3sItOJTyOrPyvBXRhw="
		},
		"snapdragon": {
			"version": "0.8.2",
			"resolved": "https://fourthwall.jfrog.io/fourthwall/api/npm/npm/snapdragon/-/snapdragon-0.8.2.tgz",
			"integrity": "sha1-ZJIufFZbDhQgS6GqfWlkJ40lGC0=",
			"requires": {
				"base": "^0.11.1",
				"debug": "^2.2.0",
				"define-property": "^0.2.5",
				"extend-shallow": "^2.0.1",
				"map-cache": "^0.2.2",
				"source-map": "^0.5.6",
				"source-map-resolve": "^0.5.0",
				"use": "^3.1.0"
			},
			"dependencies": {
				"define-property": {
					"version": "0.2.5",
					"resolved": "https://fourthwall.jfrog.io/fourthwall/api/npm/npm/define-property/-/define-property-0.2.5.tgz",
					"integrity": "sha1-w1se+RjsPJkPmlvFe+BKrOxcgRY=",
					"requires": {
						"is-descriptor": "^0.1.0"
					}
				},
				"extend-shallow": {
					"version": "2.0.1",
					"resolved": "https://fourthwall.jfrog.io/fourthwall/api/npm/npm/extend-shallow/-/extend-shallow-2.0.1.tgz",
					"integrity": "sha1-Ua99YUrZqfYQ6huvu5idaxxWiQ8=",
					"requires": {
						"is-extendable": "^0.1.0"
					}
				}
			}
		},
		"snapdragon-node": {
			"version": "2.1.1",
			"resolved": "https://fourthwall.jfrog.io/fourthwall/api/npm/npm/snapdragon-node/-/snapdragon-node-2.1.1.tgz",
			"integrity": "sha1-bBdfhv8UvbByRWPo88GwIaKGhTs=",
			"requires": {
				"define-property": "^1.0.0",
				"isobject": "^3.0.0",
				"snapdragon-util": "^3.0.1"
			},
			"dependencies": {
				"define-property": {
					"version": "1.0.0",
					"resolved": "https://fourthwall.jfrog.io/fourthwall/api/npm/npm/define-property/-/define-property-1.0.0.tgz",
					"integrity": "sha1-dp66rz9KY6rTr56NMEybvnm/sOY=",
					"requires": {
						"is-descriptor": "^1.0.0"
					}
				},
				"is-accessor-descriptor": {
					"version": "1.0.0",
					"resolved": "https://fourthwall.jfrog.io/fourthwall/api/npm/npm/is-accessor-descriptor/-/is-accessor-descriptor-1.0.0.tgz",
					"integrity": "sha1-FpwvbT3x+ZJhgHI2XJsOofaHhlY=",
					"requires": {
						"kind-of": "^6.0.0"
					}
				},
				"is-data-descriptor": {
					"version": "1.0.0",
					"resolved": "https://fourthwall.jfrog.io/fourthwall/api/npm/npm/is-data-descriptor/-/is-data-descriptor-1.0.0.tgz",
					"integrity": "sha1-2Eh2Mh0Oet0DmQQGq7u9NrqSaMc=",
					"requires": {
						"kind-of": "^6.0.0"
					}
				},
				"is-descriptor": {
					"version": "1.0.2",
					"resolved": "https://fourthwall.jfrog.io/fourthwall/api/npm/npm/is-descriptor/-/is-descriptor-1.0.2.tgz",
					"integrity": "sha1-OxWXRqZmBLBPjIFSS6NlxfFNhuw=",
					"requires": {
						"is-accessor-descriptor": "^1.0.0",
						"is-data-descriptor": "^1.0.0",
						"kind-of": "^6.0.2"
					}
				},
				"kind-of": {
					"version": "6.0.3",
					"resolved": "https://fourthwall.jfrog.io/fourthwall/api/npm/npm/kind-of/-/kind-of-6.0.3.tgz",
					"integrity": "sha1-B8BQNKbDSfoG4k+jWqdttFgM5N0="
				}
			}
		},
		"snapdragon-util": {
			"version": "3.0.1",
			"resolved": "https://fourthwall.jfrog.io/fourthwall/api/npm/npm/snapdragon-util/-/snapdragon-util-3.0.1.tgz",
			"integrity": "sha1-+VZHlIbyrNeXAGk/b3uAXkWrVuI=",
			"requires": {
				"kind-of": "^3.2.0"
			}
		},
		"source-map": {
			"version": "0.5.7",
			"resolved": "https://fourthwall.jfrog.io/fourthwall/api/npm/npm/source-map/-/source-map-0.5.7.tgz",
			"integrity": "sha1-igOdLRAh0i0eoUyA2OpGi6LvP8w="
		},
		"source-map-resolve": {
			"version": "0.5.3",
			"resolved": "https://fourthwall.jfrog.io/fourthwall/api/npm/npm/source-map-resolve/-/source-map-resolve-0.5.3.tgz",
			"integrity": "sha1-GQhmvs51U+H48mei7oLGBrVQmho=",
			"requires": {
				"atob": "^2.1.2",
				"decode-uri-component": "^0.2.0",
				"resolve-url": "^0.2.1",
				"source-map-url": "^0.4.0",
				"urix": "^0.1.0"
			}
		},
		"source-map-url": {
			"version": "0.4.1",
			"resolved": "https://fourthwall.jfrog.io/fourthwall/api/npm/npm/source-map-url/-/source-map-url-0.4.1.tgz",
			"integrity": "sha1-CvZmBadFpaL5HPG7+KevvCg97FY="
		},
		"split-string": {
			"version": "3.1.0",
			"resolved": "https://fourthwall.jfrog.io/fourthwall/api/npm/npm/split-string/-/split-string-3.1.0.tgz",
			"integrity": "sha1-fLCd2jqGWFcFxks5pkZgOGguj+I=",
			"requires": {
				"extend-shallow": "^3.0.0"
			}
		},
		"static-extend": {
			"version": "0.1.2",
			"resolved": "https://fourthwall.jfrog.io/fourthwall/api/npm/npm/static-extend/-/static-extend-0.1.2.tgz",
			"integrity": "sha1-YICcOcv/VTNyJv1eC1IPNB8ftcY=",
			"requires": {
				"define-property": "^0.2.5",
				"object-copy": "^0.1.0"
			},
			"dependencies": {
				"define-property": {
					"version": "0.2.5",
					"resolved": "https://fourthwall.jfrog.io/fourthwall/api/npm/npm/define-property/-/define-property-0.2.5.tgz",
					"integrity": "sha1-w1se+RjsPJkPmlvFe+BKrOxcgRY=",
					"requires": {
						"is-descriptor": "^0.1.0"
					}
				}
			}
		},
		"string-width": {
			"version": "2.1.1",
			"resolved": "https://fourthwall.jfrog.io/fourthwall/api/npm/npm/string-width/-/string-width-2.1.1.tgz",
			"integrity": "sha1-q5Pyeo3BPSjKyBXEYhQ6bZASrp4=",
			"requires": {
				"is-fullwidth-code-point": "^2.0.0",
				"strip-ansi": "^4.0.0"
			}
		},
		"strip-ansi": {
			"version": "4.0.0",
			"resolved": "https://fourthwall.jfrog.io/fourthwall/api/npm/npm/strip-ansi/-/strip-ansi-4.0.0.tgz",
			"integrity": "sha1-qEeQIusaw2iocTibY1JixQXuNo8=",
			"requires": {
				"ansi-regex": "^3.0.0"
			}
		},
		"to-object-path": {
			"version": "0.3.0",
			"resolved": "https://fourthwall.jfrog.io/fourthwall/api/npm/npm/to-object-path/-/to-object-path-0.3.0.tgz",
			"integrity": "sha1-KXWIt7Dn4KwI4E5nL4XB9JmeF68=",
			"requires": {
				"kind-of": "^3.0.2"
			}
		},
		"to-regex": {
			"version": "3.0.2",
			"resolved": "https://fourthwall.jfrog.io/fourthwall/api/npm/npm/to-regex/-/to-regex-3.0.2.tgz",
			"integrity": "sha1-E8/dmzNlUvMLUfM6iuG0Knp1mc4=",
			"requires": {
				"define-property": "^2.0.2",
				"extend-shallow": "^3.0.2",
				"regex-not": "^1.0.2",
				"safe-regex": "^1.1.0"
			}
		},
		"to-regex-range": {
			"version": "2.1.1",
			"resolved": "https://fourthwall.jfrog.io/fourthwall/api/npm/npm/to-regex-range/-/to-regex-range-2.1.1.tgz",
			"integrity": "sha1-fIDBe53+vlmeJzZ+DU3VWQFB2zg=",
			"requires": {
				"is-number": "^3.0.0",
				"repeat-string": "^1.6.1"
			}
		},
		"union-value": {
			"version": "1.0.1",
			"resolved": "https://fourthwall.jfrog.io/fourthwall/api/npm/npm/union-value/-/union-value-1.0.1.tgz",
			"integrity": "sha1-C2/nuDWuzaYcbqTU8CwUIh4QmEc=",
			"requires": {
				"arr-union": "^3.1.0",
				"get-value": "^2.0.6",
				"is-extendable": "^0.1.1",
				"set-value": "^2.0.1"
			}
		},
		"universalify": {
			"version": "0.1.2",
			"resolved": "https://fourthwall.jfrog.io/fourthwall/api/npm/npm/universalify/-/universalify-0.1.2.tgz",
			"integrity": "sha1-tkb2m+OULavOzJ1mOcgNwQXvqmY="
		},
		"unset-value": {
			"version": "1.0.0",
			"resolved": "https://fourthwall.jfrog.io/fourthwall/api/npm/npm/unset-value/-/unset-value-1.0.0.tgz",
			"integrity": "sha1-g3aHP30jNRef+x5vw6jtDfyKtVk=",
			"requires": {
				"has-value": "^0.3.1",
				"isobject": "^3.0.0"
			},
			"dependencies": {
				"has-value": {
					"version": "0.3.1",
					"resolved": "https://fourthwall.jfrog.io/fourthwall/api/npm/npm/has-value/-/has-value-0.3.1.tgz",
					"integrity": "sha1-ex9YutpiyoJ+wKIHgCVlSEWZXh8=",
					"requires": {
						"get-value": "^2.0.3",
						"has-values": "^0.1.4",
						"isobject": "^2.0.0"
					},
					"dependencies": {
						"isobject": {
							"version": "2.1.0",
							"resolved": "https://fourthwall.jfrog.io/fourthwall/api/npm/npm/isobject/-/isobject-2.1.0.tgz",
							"integrity": "sha1-8GVWEJaj8dou9GJy+BXIQNh+DIk=",
							"requires": {
								"isarray": "1.0.0"
							}
						}
					}
				},
				"has-values": {
					"version": "0.1.4",
					"resolved": "https://fourthwall.jfrog.io/fourthwall/api/npm/npm/has-values/-/has-values-0.1.4.tgz",
					"integrity": "sha1-bWHeldkd/Km5oCCJrThL/49it3E="
				}
			}
		},
		"urix": {
			"version": "0.1.0",
			"resolved": "https://fourthwall.jfrog.io/fourthwall/api/npm/npm/urix/-/urix-0.1.0.tgz",
			"integrity": "sha1-2pN/emLiH+wf0Y1Js1wpNQZ6bHI="
		},
		"use": {
			"version": "3.1.1",
			"resolved": "https://fourthwall.jfrog.io/fourthwall/api/npm/npm/use/-/use-3.1.1.tgz",
			"integrity": "sha1-1QyMrHmhn7wg8pEfVuuXP04QBw8="
		},
		"wrap-ansi": {
			"version": "3.0.1",
			"resolved": "https://fourthwall.jfrog.io/fourthwall/api/npm/npm/wrap-ansi/-/wrap-ansi-3.0.1.tgz",
			"integrity": "sha1-KIoE2H7aXChuBg3+jxNc6NAH+Lo=",
			"requires": {
				"string-width": "^2.1.1",
				"strip-ansi": "^4.0.0"
			}
		},
		"yaml": {
			"version": "1.10.2",
			"resolved": "https://fourthwall.jfrog.io/fourthwall/api/npm/npm/yaml/-/yaml-1.10.2.tgz",
			"integrity": "sha1-IwHF/78StGfejaIzOkWeKeeSDks="
		}
	}
}
